# This file is generated by running "yarn install" inside your project.
# Manual changes might be lost - proceed with caution!

__metadata:
  version: 6
  cacheKey: 8

"buffer-equal-constant-time@npm:1.0.1":
  version: 1.0.1
  resolution: "buffer-equal-constant-time@npm:1.0.1"
  checksum: 80bb945f5d782a56f374b292770901065bad21420e34936ecbe949e57724b4a13874f735850dd1cc61f078773c4fb5493a41391e7bda40d1fa388d6bd80daaab
  languageName: node
  linkType: hard

"buffer-writer@npm:2.0.0":
  version: 2.0.0
  resolution: "buffer-writer@npm:2.0.0"
  checksum: 11736b48bb75106c52ca8ec9f025e7c1b3b25ce31875f469d7210eabd5c576c329e34f6b805d4a8d605ff3f0db1e16342328802c4c963e9c826b0e43a4e631c2
  languageName: node
  linkType: hard

"cube-collector@workspace:.":
  version: 0.0.0-use.local
  resolution: "cube-collector@workspace:."
  dependencies:
    jsonwebtoken: ^9.0.0
    pako: ^2.1.0
    pg: ^8.10.0
    ws: ^8.12.1
  languageName: unknown
  linkType: soft

"ecdsa-sig-formatter@npm:1.0.11":
  version: 1.0.11
  resolution: "ecdsa-sig-formatter@npm:1.0.11"
  dependencies:
    safe-buffer: ^5.0.1
  checksum: 207f9ab1c2669b8e65540bce29506134613dd5f122cccf1e6a560f4d63f2732d427d938f8481df175505aad94583bcb32c688737bb39a6df0625f903d6d93c03
  languageName: node
  linkType: hard

"jsonwebtoken@npm:^9.0.0":
  version: 9.0.0
  resolution: "jsonwebtoken@npm:9.0.0"
  dependencies:
    jws: ^3.2.2
    lodash: ^4.17.21
    ms: ^2.1.1
    semver: ^7.3.8
  checksum: b9181cecf9df99f1dc0253f91ba000a1aa4d91f5816d1608c0dba61a5623726a0bfe200b51df25de18c1a6000825d231ad7ce2788aa54fd48dcb760ad9eb9514
  languageName: node
  linkType: hard

"jwa@npm:^1.4.1":
  version: 1.4.1
  resolution: "jwa@npm:1.4.1"
  dependencies:
    buffer-equal-constant-time: 1.0.1
    ecdsa-sig-formatter: 1.0.11
    safe-buffer: ^5.0.1
  checksum: ff30ea7c2dcc61f3ed2098d868bf89d43701605090c5b21b5544b512843ec6fd9e028381a4dda466cbcdb885c2d1150f7c62e7168394ee07941b4098e1035e2f
  languageName: node
  linkType: hard

"jws@npm:^3.2.2":
  version: 3.2.2
  resolution: "jws@npm:3.2.2"
  dependencies:
    jwa: ^1.4.1
    safe-buffer: ^5.0.1
  checksum: f0213fe5b79344c56cd443428d8f65c16bf842dc8cb8f5aed693e1e91d79c20741663ad6eff07a6d2c433d1831acc9814e8d7bada6a0471fbb91d09ceb2bf5c2
  languageName: node
  linkType: hard

"lodash@npm:^4.17.21":
  version: 4.17.21
  resolution: "lodash@npm:4.17.21"
  checksum: eb835a2e51d381e561e508ce932ea50a8e5a68f4ebdd771ea240d3048244a8d13658acbd502cd4829768c56f2e16bdd4340b9ea141297d472517b83868e677f7
  languageName: node
  linkType: hard

"lru-cache@npm:^6.0.0":
  version: 6.0.0
  resolution: "lru-cache@npm:6.0.0"
  dependencies:
    yallist: ^4.0.0
  checksum: f97f499f898f23e4585742138a22f22526254fdba6d75d41a1c2526b3b6cc5747ef59c5612ba7375f42aca4f8461950e925ba08c991ead0651b4918b7c978297
  languageName: node
  linkType: hard

"ms@npm:^2.1.1":
  version: 2.1.3
  resolution: "ms@npm:2.1.3"
  checksum: aa92de608021b242401676e35cfa5aa42dd70cbdc082b916da7fb925c542173e36bce97ea3e804923fe92c0ad991434e4a38327e15a1b5b5f945d66df615ae6d
  languageName: node
  linkType: hard

"packet-reader@npm:1.0.0":
  version: 1.0.0
  resolution: "packet-reader@npm:1.0.0"
  checksum: 0b7516f0cbf3e322aad591bed29ba544220088c53943145c0d9121a6f59182ad811f7fd6785a8979a34356aca69d97653689029964c5998dc02645633d88ffd7
  languageName: node
  linkType: hard

"pako@npm:^2.1.0":
  version: 2.1.0
  resolution: "pako@npm:2.1.0"
  checksum: 71666548644c9a4d056bcaba849ca6fd7242c6cf1af0646d3346f3079a1c7f4a66ffec6f7369ee0dc88f61926c10d6ab05da3e1fca44b83551839e89edd75a3e
  languageName: node
  linkType: hard

"pg-connection-string@npm:^2.5.0":
  version: 2.5.0
  resolution: "pg-connection-string@npm:2.5.0"
  checksum: a6f3a068f7c9416a5b33a326811caf0dfaaee045c225b7c628b4c9b4e9a2b25bdd12a21e4c48940e1000ea223a4e608ca122d2ff3dd08c8b1db0fc9f5705133a
  languageName: node
  linkType: hard

"pg-int8@npm:1.0.1":
  version: 1.0.1
  resolution: "pg-int8@npm:1.0.1"
  checksum: a1e3a05a69005ddb73e5f324b6b4e689868a447c5fa280b44cd4d04e6916a344ac289e0b8d2695d66e8e89a7fba023affb9e0e94778770ada5df43f003d664c9
  languageName: node
  linkType: hard

"pg-pool@npm:^3.6.0":
  version: 3.6.0
  resolution: "pg-pool@npm:3.6.0"
  peerDependencies:
    pg: ">=8.0"
  checksum: f3fe050fbfe27406369340c4c26efcbe21a388ace085a876453de0ea496a315c38b2dc739ac97d4767a359e911da2ec4810467f72601eeec8ad540e58b27987c
  languageName: node
  linkType: hard

"pg-protocol@npm:^1.6.0":
  version: 1.6.0
  resolution: "pg-protocol@npm:1.6.0"
  checksum: e12662d2de2011e0c3a03f6a09f435beb1025acdc860f181f18a600a5495dc38a69d753bbde1ace279c8c442536af9c1a7c11e1d0fe3fad3aa1348b28d9d2683
  languageName: node
  linkType: hard

"pg-types@npm:^2.1.0":
  version: 2.2.0
  resolution: "pg-types@npm:2.2.0"
  dependencies:
    pg-int8: 1.0.1
    postgres-array: ~2.0.0
    postgres-bytea: ~1.0.0
    postgres-date: ~1.0.4
    postgres-interval: ^1.1.0
  checksum: bf4ec3f594743442857fb3a8dfe5d2478a04c98f96a0a47365014557cbc0b4b0cee01462c79adca863b93befbf88f876299b75b72c665b5fb84a2c94fbd10316
  languageName: node
  linkType: hard

"pg@npm:^8.10.0":
  version: 8.10.0
  resolution: "pg@npm:8.10.0"
  dependencies:
    buffer-writer: 2.0.0
    packet-reader: 1.0.0
    pg-connection-string: ^2.5.0
    pg-pool: ^3.6.0
    pg-protocol: ^1.6.0
    pg-types: ^2.1.0
    pgpass: 1.x
  peerDependencies:
    pg-native: ">=3.0.1"
  peerDependenciesMeta:
    pg-native:
      optional: true
  checksum: c6be78f2e823f2ae3c618c8e54a6622592dd71b556fb665d7eaedcbcc2fa5d210a8bcf519401e72526a65b9d797f19b772f48f29b9d9f31e98dd526fd27d61e0
  languageName: node
  linkType: hard

"pgpass@npm:1.x":
  version: 1.0.5
  resolution: "pgpass@npm:1.0.5"
  dependencies:
    split2: ^4.1.0
  checksum: 947ac096c031eebdf08d989de2e9f6f156b8133d6858c7c2c06c041e1e71dda6f5f3bad3c0ec1e96a09497bbc6ef89e762eefe703b5ef9cb2804392ec52ec400
  languageName: node
  linkType: hard

"postgres-array@npm:~2.0.0":
  version: 2.0.0
  resolution: "postgres-array@npm:2.0.0"
  checksum: 0e1e659888147c5de579d229a2d95c0d83ebdbffc2b9396d890a123557708c3b758a0a97ed305ce7f58edfa961fa9f0bbcd1ea9f08b6e5df73322e683883c464
  languageName: node
  linkType: hard

"postgres-bytea@npm:~1.0.0":
  version: 1.0.0
  resolution: "postgres-bytea@npm:1.0.0"
  checksum: d844ae4ca7a941b70e45cac1261a73ee8ed39d72d3d74ab1d645248185a1b7f0ac91a3c63d6159441020f4e1f7fe64689ac56536a307b31cef361e5187335090
  languageName: node
  linkType: hard

"postgres-date@npm:~1.0.4":
  version: 1.0.7
  resolution: "postgres-date@npm:1.0.7"
  checksum: 5745001d47e51cd767e46bcb1710649cd705d91a24d42fa661c454b6dcbb7353c066a5047983c90a626cd3bbfea9e626cc6fa84a35ec57e5bbb28b49f78e13ed
  languageName: node
  linkType: hard

"postgres-interval@npm:^1.1.0":
  version: 1.2.0
  resolution: "postgres-interval@npm:1.2.0"
  dependencies:
    xtend: ^4.0.0
  checksum: 746b71f93805ae33b03528e429dc624706d1f9b20ee81bf743263efb6a0cd79ae02a642a8a480dbc0f09547b4315ab7df6ce5ec0be77ed700bac42730f5c76b2
  languageName: node
  linkType: hard

"safe-buffer@npm:^5.0.1":
  version: 5.2.1
  resolution: "safe-buffer@npm:5.2.1"
  checksum: b99c4b41fdd67a6aaf280fcd05e9ffb0813654894223afb78a31f14a19ad220bba8aba1cb14eddce1fcfb037155fe6de4e861784eb434f7d11ed58d1e70dd491
  languageName: node
  linkType: hard

"semver@npm:^7.3.8":
  version: 7.3.8
  resolution: "semver@npm:7.3.8"
  dependencies:
    lru-cache: ^6.0.0
  bin:
    semver: bin/semver.js
  checksum: ba9c7cbbf2b7884696523450a61fee1a09930d888b7a8d7579025ad93d459b2d1949ee5bbfeb188b2be5f4ac163544c5e98491ad6152df34154feebc2cc337c1
  languageName: node
  linkType: hard

"split2@npm:^4.1.0":
  version: 4.1.0
  resolution: "split2@npm:4.1.0"
  checksum: ec581597cb74c13cdfb5e2047543dd40cb1e8e9803c7b1e0c29ede05f2b4f049b2d6e7f2788a225d544549375719658b8f38e9366364dec35dc7a12edfda5ee5
  languageName: node
  linkType: hard

"ws@npm:^8.12.1":
  version: 8.12.1
  resolution: "ws@npm:8.12.1"
  peerDependencies:
    bufferutil: ^4.0.1
    utf-8-validate: ">=5.0.2"
  peerDependenciesMeta:
    bufferutil:
      optional: true
    utf-8-validate:
      optional: true
  checksum: 97301c1c4d838fc81bd413f370f75c12aabe44527b31323b761eab3043a9ecb7e32ffd668548382c9a6a5ad3a1c3a9249608e8338e6b939f2f9540f1e21970b5
  languageName: node
  linkType: hard

"xtend@npm:^4.0.0":
  version: 4.0.2
  resolution: "xtend@npm:4.0.2"
  checksum: ac5dfa738b21f6e7f0dd6e65e1b3155036d68104e67e5d5d1bde74892e327d7e5636a076f625599dc394330a731861e87343ff184b0047fef1360a7ec0a5a36a
  languageName: node
  linkType: hard

"yallist@npm:^4.0.0":
  version: 4.0.0
  resolution: "yallist@npm:4.0.0"
  checksum: 343617202af32df2a15a3be36a5a8c0c8545208f3d3dfbc6bb7c3e3b7e8c6f8e7485432e4f3b88da3031a6e20afa7c711eded32ddfb122896ac5d914e75848d5
  languageName: node
  linkType: hard
